// !$*UTF8*$!
{
	archiveVersion = 1;
	classes = {
	};
	objectVersion = 46;
	objects = {

/* Begin PBXBuildFile section */
		E2E2541815BE2469007E16B5 /* UIKit.framework in Frameworks */ = {isa = PBXBuildFile; fileRef = E2E2541715BE2469007E16B5 /* UIKit.framework */; };
		E2E2541A15BE2469007E16B5 /* Foundation.framework in Frameworks */ = {isa = PBXBuildFile; fileRef = E2E2541915BE2469007E16B5 /* Foundation.framework */; };
		E2E2541C15BE2469007E16B5 /* CoreGraphics.framework in Frameworks */ = {isa = PBXBuildFile; fileRef = E2E2541B15BE2469007E16B5 /* CoreGraphics.framework */; };
		E2E2542215BE2469007E16B5 /* InfoPlist.strings in Resources */ = {isa = PBXBuildFile; fileRef = E2E2542015BE2469007E16B5 /* InfoPlist.strings */; };
		E2E2542415BE2469007E16B5 /* main.m in Sources */ = {isa = PBXBuildFile; fileRef = E2E2542315BE2469007E16B5 /* main.m */; };
		E2E2542815BE2469007E16B5 /* AppDelegate.m in Sources */ = {isa = PBXBuildFile; fileRef = E2E2542715BE2469007E16B5 /* AppDelegate.m */; };
		E2E2542B15BE2469007E16B5 /* MainStoryboard.storyboard in Resources */ = {isa = PBXBuildFile; fileRef = E2E2542915BE2469007E16B5 /* MainStoryboard.storyboard */; };
		E2E2542E15BE2469007E16B5 /* ViewController.m in Sources */ = {isa = PBXBuildFile; fileRef = E2E2542D15BE2469007E16B5 /* ViewController.m */; };
/* End PBXBuildFile section */

/* Begin PBXFileReference section */
		E2E2541315BE2469007E16B5 /* PCSNote.app */ = {isa = PBXFileReference; explicitFileType = wrapper.application; includeInIndex = 0; path = PCSNote.app; sourceTree = BUILT_PRODUCTS_DIR; };
		E2E2541715BE2469007E16B5 /* UIKit.framework */ = {isa = PBXFileReference; lastKnownFileType = wrapper.framework; name = UIKit.framework; path = System/Library/Frameworks/UIKit.framework; sourceTree = SDKROOT; };
		E2E2541915BE2469007E16B5 /* Foundation.framework */ = {isa = PBXFileReference; lastKnownFileType = wrapper.framework; name = Foundation.framework; path = System/Library/Frameworks/Foundation.framework; sourceTree = SDKROOT; };
		E2E2541B15BE2469007E16B5 /* CoreGraphics.framework */ = {isa = PBXFileReference; lastKnownFileType = wrapper.framework; name = CoreGraphics.framework; path = System/Library/Frameworks/CoreGraphics.framework; sourceTree = SDKROOT; };
		E2E2541F15BE2469007E16B5 /* PCSNote-Info.plist */ = {isa = PBXFileReference; path = "PCSNote-Info.plist"; sourceTree = "<group>"; };
		E2E2542115BE2469007E16B5 /* en */ = {isa = PBXFileReference; lastKnownFileType = text.plist.strings; name = en; path = en.lproj/InfoPlist.strings; sourceTree = "<group>"; };
		E2E2542315BE2469007E16B5 /* main.m */ = {isa = PBXFileReference; lastKnownFileType = sourcecode.c.objc; path = main.m; sourceTree = "<group>"; };
		E2E2542515BE2469007E16B5 /* PCSNote-Prefix.pch */ = {isa = PBXFileReference; path = "PCSNote-Prefix.pch"; sourceTree = "<group>"; };
		E2E2542615BE2469007E16B5 /* AppDelegate.h */ = {isa = PBXFileReference; path = AppDelegate.h; sourceTree = "<group>"; };
		E2E2542715BE2469007E16B5 /* AppDelegate.m */ = {isa = PBXFileReference; lastKnownFileType = sourcecode.c.objc; path = AppDelegate.m; sourceTree = "<group>"; };
		E2E2542A15BE2469007E16B5 /* en */ = {isa = PBXFileReference; lastKnownFileType = file.storyboard; name = en; path = en.lproj/MainStoryboard.storyboard; sourceTree = "<group>"; };
		E2E2542C15BE2469007E16B5 /* ViewController.h */ = {isa = PBXFileReference; path = ViewController.h; sourceTree = "<group>"; };
		E2E2542D15BE2469007E16B5 /* ViewController.m */ = {isa = PBXFileReference; lastKnownFileType = sourcecode.c.objc; path = ViewController.m; sourceTree = "<group>"; };
/* End PBXFileReference section */

/* Begin PBXFrameworksBuildPhase section */
		E2E2541015BE2469007E16B5 /* Frameworks */ = {
			isa = PBXFrameworksBuildPhase;
			buildActionMask = 2147483647;
			files = (
				E2E2541815BE2469007E16B5 /* UIKit.framework in Frameworks */,
				E2E2541A15BE2469007E16B5 /* Foundation.framework in Frameworks */,
				E2E2541C15BE2469007E16B5 /* CoreGraphics.framework in Frameworks */,
			);
			runOnlyForDeploymentPostprocessing = 0;
		};
/* End PBXFrameworksBuildPhase section */

/* Begin PBXGroup section */
		E2E2540815BE2469007E16B5 = {
			isa = PBXGroup;
			children = (
				E2E2541D15BE2469007E16B5 /* PCSNote */,
				E2E2541615BE2469007E16B5 /* Frameworks */,
				E2E2541415BE2469007E16B5 /* Products */,
			);
			sourceTree = "<group>";
		};
		E2E2541415BE2469007E16B5 /* Products */ = {
			isa = PBXGroup;
			children = (
				E2E2541315BE2469007E16B5 /* PCSNote.app */,
			);
			name = Products;
			sourceTree = "<group>";
		};
		E2E2541615BE2469007E16B5 /* Frameworks */ = {
			isa = PBXGroup;
			children = (
				E2E2541715BE2469007E16B5 /* UIKit.framework */,
				E2E2541915BE2469007E16B5 /* Foundation.framework */,
				E2E2541B15BE2469007E16B5 /* CoreGraphics.framework */,
			);
			name = Frameworks;
			sourceTree = "<group>";
		};
		E2E2541D15BE2469007E16B5 /* PCSNote */ = {
			isa = PBXGroup;
			children = (
				E2E2542615BE2469007E16B5 /* AppDelegate.h */,
				E2E2542715BE2469007E16B5 /* AppDelegate.m */,
				E2E2542915BE2469007E16B5 /* MainStoryboard.storyboard */,
				E2E2542C15BE2469007E16B5 /* ViewController.h */,
				E2E2542D15BE2469007E16B5 /* ViewController.m */,
				E2E2541E15BE2469007E16B5 /* Supporting Files */,
			);
			path = PCSNote;
			sourceTree = "<group>";
		};
		E2E2541E15BE2469007E16B5 /* Supporting Files */ = {
			isa = PBXGroup;
			children = (
				E2E2541F15BE2469007E16B5 /* PCSNote-Info.plist */,
				E2E2542015BE2469007E16B5 /* InfoPlist.strings */,
				E2E2542315BE2469007E16B5 /* main.m */,
				E2E2542515BE2469007E16B5 /* PCSNote-Prefix.pch */,
			);
			name = "Supporting Files";
			sourceTree = "<group>";
		};
/* End PBXGroup section */

/* Begin PBXNativeTarget section */
		E2E2541215BE2469007E16B5 /* PCSNote */ = {
			isa = PBXNativeTarget;
			buildConfigurationList = E2E2543115BE2469007E16B5 /* Build configuration list for PBXNativeTarget "PCSNote" */;
			buildPhases = (
				E2E2540F15BE2469007E16B5 /* Sources */,
				E2E2541015BE2469007E16B5 /* Frameworks */,
				E2E2541115BE2469007E16B5 /* Resources */,
			);
			buildRules = (
			);
			dependencies = (
			);
			name = PCSNote;
			productName = PCSNote;
			productReference = E2E2541315BE2469007E16B5 /* PCSNote.app */;
			productType = "com.apple.product-type.application";
		};
/* End PBXNativeTarget section */

/* Begin PBXProject section */
		E2E2540A15BE2469007E16B5 /* Project object */ = {
			isa = PBXProject;
			attributes = {
				LastUpgradeCheck = 0430;
			};
			buildConfigurationList = E2E2540D15BE2469007E16B5 /* Build configuration list for PBXProject "PCSNote" */;
			compatibilityVersion = "Xcode 3.2";
			developmentRegion = English;
			hasScannedForEncodings = 0;
			knownRegions = (
				en,
			);
			mainGroup = E2E2540815BE2469007E16B5;
			productRefGroup = E2E2541415BE2469007E16B5 /* Products */;
			projectDirPath = "";
			projectRoot = "";
			targets = (
				E2E2541215BE2469007E16B5 /* PCSNote */,
			);
		};
/* End PBXProject section */

/* Begin PBXResourcesBuildPhase section */
		E2E2541115BE2469007E16B5 /* Resources */ = {
			isa = PBXResourcesBuildPhase;
			buildActionMask = 2147483647;
			files = (
				E2E2542215BE2469007E16B5 /* InfoPlist.strings in Resources */,
				E2E2542B15BE2469007E16B5 /* MainStoryboard.storyboard in Resources */,
			);
			runOnlyForDeploymentPostprocessing = 0;
		};
/* End PBXResourcesBuildPhase section */

/* Begin PBXSourcesBuildPhase section */
		E2E2540F15BE2469007E16B5 /* Sources */ = {
			isa = PBXSourcesBuildPhase;
			buildActionMask = 2147483647;
			files = (
				E2E2542415BE2469007E16B5 /* main.m in Sources */,
				E2E2542815BE2469007E16B5 /* AppDelegate.m in Sources */,
				E2E2542E15BE2469007E16B5 /* ViewController.m in Sources */,
			);
			runOnlyForDeploymentPostprocessing = 0;
		};
/* End PBXSourcesBuildPhase section */

/* Begin PBXVariantGroup section */
		E2E2542015BE2469007E16B5 /* InfoPlist.strings */ = {
			isa = PBXVariantGroup;
			children = (
				E2E2542115BE2469007E16B5 /* en */,
			);
			name = InfoPlist.strings;
			sourceTree = "<group>";
		};
		E2E2542915BE2469007E16B5 /* MainStoryboard.storyboard */ = {
			isa = PBXVariantGroup;
			children = (
				E2E2542A15BE2469007E16B5 /* en */,
			);
			name = MainStoryboard.storyboard;
			sourceTree = "<group>";
		};
/* End PBXVariantGroup section */

/* Begin XCBuildConfiguration section */
		E2E2542F15BE2469007E16B5 /* Debug */ = {
			isa = XCBuildConfiguration;
			buildSettings = {
				ALWAYS_SEARCH_USER_PATHS = NO;
				ARCHS = "$(ARCHS_STANDARD_32_BIT)";
				CLANG_ENABLE_OBJC_ARC = YES;
				"CODE_SIGN_IDENTITY[sdk=iphoneos*]" = "iPhone Developer";
				COPY_PHASE_STRIP = NO;
				GCC_C_LANGUAGE_STANDARD = gnu99;
				GCC_DYNAMIC_NO_PIC = NO;
				GCC_OPTIMIZATION_LEVEL = 0;
				GCC_PREPROCESSOR_DEFINITIONS = (
					"DEBUG=1",
					"$(inherited)",
				);
				GCC_SYMBOLS_PRIVATE_EXTERN = NO;
				GCC_VERSION = com.apple.compilers.llvm.clang.1_0;
				GCC_WARN_ABOUT_RETURN_TYPE = YES;
				GCC_WARN_UNINITIALIZED_AUTOS = YES;
				GCC_WARN_UNUSED_VARIABLE = YES;
				IPHONEOS_DEPLOYMENT_TARGET = 5.1;
				SDKROOT = iphoneos;
			};
			name = Debug;
		};
		E2E2543015BE2469007E16B5 /* Release */ = {
			isa = XCBuildConfiguration;
			buildSettings = {
				ALWAYS_SEARCH_USER_PATHS = NO;
				ARCHS = "$(ARCHS_STANDARD_32_BIT)";
				CLANG_ENABLE_OBJC_ARC = YES;
				"CODE_SIGN_IDENTITY[sdk=iphoneos*]" = "iPhone Developer";
				COPY_PHASE_STRIP = YES;
				GCC_C_LANGUAGE_STANDARD = gnu99;
				GCC_VERSION = com.apple.compilers.llvm.clang.1_0;
				GCC_WARN_ABOUT_RETURN_TYPE = YES;
				GCC_WARN_UNINITIALIZED_AUTOS = YES;
				GCC_WARN_UNUSED_VARIABLE = YES;
				IPHONEOS_DEPLOYMENT_TARGET = 5.1;
				OTHER_CFLAGS = "-DNS_BLOCK_ASSERTIONS=1";
				SDKROOT = iphoneos;
				VALIDATE_PRODUCT = YES;
			};
			name = Release;
		};
		E2E2543215BE2469007E16B5 /* Debug */ = {
			isa = XCBuildConfiguration;
			buildSettings = {
				GCC_PRECOMPILE_PREFIX_HEADER = YES;
				GCC_PREFIX_HEADER = "PCSNote/PCSNote-Prefix.pch";
				INFOPLIST_FILE = "PCSNote/PCSNote-Info.plist";
				PRODUCT_NAME = "$(TARGET_NAME)";
				WRAPPER_EXTENSION = app;
			};
			name = Debug;
		};
		E2E2543315BE2469007E16B5 /* Release */ = {
			isa = XCBuildConfiguration;
			buildSettings = {
				GCC_PRECOMPILE_PREFIX_HEADER = YES;
				GCC_PREFIX_HEADER = "PCSNote/PCSNote-Prefix.pch";
				INFOPLIST_FILE = "PCSNote/PCSNote-Info.plist";
				PRODUCT_NAME = "$(TARGET_NAME)";
				WRAPPER_EXTENSION = app;
			};
			name = Release;
		};
/* End XCBuildConfiguration section */

/* Begin XCConfigurationList section */
		E2E2540D15BE2469007E16B5 /* Build configuration list for PBXProject "PCSNote" */ = {
			isa = XCConfigurationList;
			buildConfigurations = (
				E2E2542F15BE2469007E16B5 /* Debug */,
				E2E2543015BE2469007E16B5 /* Release */,
			);
			defaultConfigurationIsVisible = 0;
			defaultConfigurationName = Release;
		};
		E2E2543115BE2469007E16B5 /* Build configuration list for PBXNativeTarget "PCSNote" */ = {
			isa = XCConfigurationList;
			buildConfigurations = (
				E2E2543215BE2469007E16B5 /* Debug */,
				E2E2543315BE2469007E16B5 /* Release */,
			);
			defaultConfigurationIsVisible = 0;
		};
/* End XCConfigurationList section */
	};
	rootObject = E2E2540A15BE2469007E16B5 /* Project object */;
}
